
Microsoft Visual Studio Solution File, Format Version 12.00
# Visual Studio 15
VisualStudioVersion = 15.0.28307.1169
MinimumVisualStudioVersion = 10.0.40219.1
Project("{FAE04EC0-301F-11D3-BF4B-00C04F79EFBC}") = "PersonalSiteV3.UI.MVC", "PersonalSiteV3.UI.MVC\PersonalSiteV3.UI.MVC.csproj", "{A21DC174-8605-47A9-B7F6-04979BE10E85}"
EndProject
Global
	GlobalSection(SolutionConfigurationPlatforms) = preSolution
		Debug|Any CPU = Debug|Any CPU
		Release|Any CPU = Release|Any CPU
	EndGlobalSection
	GlobalSection(ProjectConfigurationPlatforms) = postSolution
		{A21DC174-8605-47A9-B7F6-04979BE10E85}.Debug|Any CPU.ActiveCfg = Debug|Any CPU
		{A21DC174-8605-47A9-B7F6-04979BE10E85}.Debug|Any CPU.Build.0 = Debug|Any CPU
		{A21DC174-8605-47A9-B7F6-04979BE10E85}.Release|Any CPU.ActiveCfg = Release|Any CPU
		{A21DC174-8605-47A9-B7F6-04979BE10E85}.Release|Any CPU.Build.0 = Release|Any CPU
	EndGlobalSection
	GlobalSection(SolutionProperties) = preSolution
		HideSolutionNode = FALSE
	EndGlobalSection
	GlobalSection(ExtensibilityGlobals) = postSolution
		SolutionGuid = {30C20230-69FA-48CE-9A54-91EEC3F97F09}
	EndGlobalSection
EndGlobal
